PODS:
  - RxCocoa (3.4.1):
    - RxSwift (~> 3.4)
  - RxSwift (3.4.1)
  - SnapKit (3.2.0)

DEPENDENCIES:
  - RxCocoa
  - RxSwift
  - SnapKit

SPEC CHECKSUMS:
  RxCocoa: a8a5f1d061d0043e28f56976829f31ce63e8eb09
  RxSwift: 656f8fbeca5bc372121a72d9ebdd3cd3bc0ffade
  SnapKit: 1ca44df72cfa543218d177cb8aab029d10d86ea7

PODFILE CHECKSUM: b062529233ece32d262e88558598faaa1b20089f

COCOAPODS: 1.2.1
